
Microsoft Visual Studio Solution File, Format Version 12.00
# Visual Studio 15
VisualStudioVersion = 15.0.28307.902
MinimumVisualStudioVersion = 10.0.40219.1
Project("{FAE04EC0-301F-11D3-BF4B-00C04F79EFBC}") = "EloadasProjekt", "EloadasProjekt\EloadasProjekt.csproj", "{4A9427A2-CCE5-47DB-94BD-72C295CB674E}"
EndProject
Global
	GlobalSection(SolutionConfigurationPlatforms) = preSolution
		Debug|Any CPU = Debug|Any CPU
		Release|Any CPU = Release|Any CPU
	EndGlobalSection
	GlobalSection(ProjectConfigurationPlatforms) = postSolution
		{4A9427A2-CCE5-47DB-94BD-72C295CB674E}.Debug|Any CPU.ActiveCfg = Debug|Any CPU
		{4A9427A2-CCE5-47DB-94BD-72C295CB674E}.Debug|Any CPU.Build.0 = Debug|Any CPU
		{4A9427A2-CCE5-47DB-94BD-72C295CB674E}.Release|Any CPU.ActiveCfg = Release|Any CPU
		{4A9427A2-CCE5-47DB-94BD-72C295CB674E}.Release|Any CPU.Build.0 = Release|Any CPU
	EndGlobalSection
	GlobalSection(SolutionProperties) = preSolution
		HideSolutionNode = FALSE
	EndGlobalSection
	GlobalSection(ExtensibilityGlobals) = postSolution
		SolutionGuid = {BE124ECD-546F-4B98-9CD4-C4B0BF7DACA7}
	EndGlobalSection
EndGlobal
